// !$*UTF8*$!
{
	archiveVersion = 1;
	classes = {
	};
	objectVersion = 46;
	objects = {

/* Begin PBXBuildFile section */
		7D0B39941C8A124F002201FE /* main.m in Sources */ = {isa = PBXBuildFile; fileRef = 7D0B39931C8A124F002201FE /* main.m */; };
		7D0B39971C8A124F002201FE /* AppDelegate.m in Sources */ = {isa = PBXBuildFile; fileRef = 7D0B39961C8A124F002201FE /* AppDelegate.m */; };
		7D0B399A1C8A124F002201FE /* ViewController.m in Sources */ = {isa = PBXBuildFile; fileRef = 7D0B39991C8A124F002201FE /* ViewController.m */; };
		7D0B399D1C8A124F002201FE /* Main.storyboard in Resources */ = {isa = PBXBuildFile; fileRef = 7D0B399B1C8A124F002201FE /* Main.storyboard */; };
		7D0B399F1C8A124F002201FE /* Assets.xcassets in Resources */ = {isa = PBXBuildFile; fileRef = 7D0B399E1C8A124F002201FE /* Assets.xcassets */; };
		7D0B39A21C8A124F002201FE /* LaunchScreen.storyboard in Resources */ = {isa = PBXBuildFile; fileRef = 7D0B39A01C8A124F002201FE /* LaunchScreen.storyboard */; };
		7D0B39AC1C8A18DD002201FE /* MNParser.m in Sources */ = {isa = PBXBuildFile; fileRef = 7D0B39AB1C8A18DD002201FE /* MNParser.m */; };
		7DFBCF881C8AFE5E00B04444 /* MNLexeme.m in Sources */ = {isa = PBXBuildFile; fileRef = 7DFBCF871C8AFE5E00B04444 /* MNLexeme.m */; };
		7DFBCF8B1C8AFFD300B04444 /* Constants.m in Sources */ = {isa = PBXBuildFile; fileRef = 7DFBCF8A1C8AFFD300B04444 /* Constants.m */; };
		7DFBCF8E1C8B1E2400B04444 /* ParserManager.m in Sources */ = {isa = PBXBuildFile; fileRef = 7DFBCF8D1C8B1E2400B04444 /* ParserManager.m */; };
		7DFBCF921C8B536200B04444 /* URLTitlesManager.m in Sources */ = {isa = PBXBuildFile; fileRef = 7DFBCF911C8B536200B04444 /* URLTitlesManager.m */; };
		7DFBCF961C8B824A00B04444 /* MNParserAPI.m in Sources */ = {isa = PBXBuildFile; fileRef = 7DFBCF951C8B824A00B04444 /* MNParserAPI.m */; };
		7DFDEF361C8DD56700132006 /* iTunesArtwork in Resources */ = {isa = PBXBuildFile; fileRef = 7DFDEF341C8DD56700132006 /* iTunesArtwork */; };
		7DFDEF371C8DD56700132006 /* iTunesArtwork@2x in Resources */ = {isa = PBXBuildFile; fileRef = 7DFDEF351C8DD56700132006 /* iTunesArtwork@2x */; };
		7DFDEF391C8DD79C00132006 /* launcher.jpg in Resources */ = {isa = PBXBuildFile; fileRef = 7DFDEF381C8DD79C00132006 /* launcher.jpg */; };
		7DFDEF3B1C8E098F00132006 /* gradientbackground.jpg in Resources */ = {isa = PBXBuildFile; fileRef = 7DFDEF3A1C8E098F00132006 /* gradientbackground.jpg */; };
		A5402FEB9DAEFA0E04A3F2A0 /* libPods-ChatLexer.a in Frameworks */ = {isa = PBXBuildFile; fileRef = 077D5FF6734E71F36F61A2F6 /* libPods-ChatLexer.a */; };
/* End PBXBuildFile section */

/* Begin PBXFileReference section */
		077D5FF6734E71F36F61A2F6 /* libPods-ChatLexer.a */ = {isa = PBXFileReference; explicitFileType = archive.ar; includeInIndex = 0; path = "libPods-ChatLexer.a"; sourceTree = BUILT_PRODUCTS_DIR; };
		7D0B398F1C8A124F002201FE /* ChatLexer.app */ = {isa = PBXFileReference; explicitFileType = wrapper.application; includeInIndex = 0; path = ChatLexer.app; sourceTree = BUILT_PRODUCTS_DIR; };
		7D0B39931C8A124F002201FE /* main.m */ = {isa = PBXFileReference; lastKnownFileType = sourcecode.c.objc; path = main.m; sourceTree = "<group>"; };
		7D0B39951C8A124F002201FE /* AppDelegate.h */ = {isa = PBXFileReference; lastKnownFileType = sourcecode.c.h; path = AppDelegate.h; sourceTree = "<group>"; };
		7D0B39961C8A124F002201FE /* AppDelegate.m */ = {isa = PBXFileReference; lastKnownFileType = sourcecode.c.objc; path = AppDelegate.m; sourceTree = "<group>"; };
		7D0B39981C8A124F002201FE /* ViewController.h */ = {isa = PBXFileReference; lastKnownFileType = sourcecode.c.h; path = ViewController.h; sourceTree = "<group>"; };
		7D0B39991C8A124F002201FE /* ViewController.m */ = {isa = PBXFileReference; lastKnownFileType = sourcecode.c.objc; path = ViewController.m; sourceTree = "<group>"; };
		7D0B399C1C8A124F002201FE /* Base */ = {isa = PBXFileReference; lastKnownFileType = file.storyboard; name = Base; path = Base.lproj/Main.storyboard; sourceTree = "<group>"; };
		7D0B399E1C8A124F002201FE /* Assets.xcassets */ = {isa = PBXFileReference; lastKnownFileType = folder.assetcatalog; path = Assets.xcassets; sourceTree = "<group>"; };
		7D0B39A11C8A124F002201FE /* Base */ = {isa = PBXFileReference; lastKnownFileType = file.storyboard; name = Base; path = Base.lproj/LaunchScreen.storyboard; sourceTree = "<group>"; };
		7D0B39A31C8A124F002201FE /* Info.plist */ = {isa = PBXFileReference; lastKnownFileType = text.plist.xml; path = Info.plist; sourceTree = "<group>"; };
		7D0B39AA1C8A18DD002201FE /* MNParser.h */ = {isa = PBXFileReference; fileEncoding = 4; lastKnownFileType = sourcecode.c.h; path = MNParser.h; sourceTree = "<group>"; };
		7D0B39AB1C8A18DD002201FE /* MNParser.m */ = {isa = PBXFileReference; fileEncoding = 4; lastKnownFileType = sourcecode.c.objc; path = MNParser.m; sourceTree = "<group>"; };
		7DFBCF861C8AFE5E00B04444 /* MNLexeme.h */ = {isa = PBXFileReference; fileEncoding = 4; lastKnownFileType = sourcecode.c.h; path = MNLexeme.h; sourceTree = "<group>"; };
		7DFBCF871C8AFE5E00B04444 /* MNLexeme.m */ = {isa = PBXFileReference; fileEncoding = 4; lastKnownFileType = sourcecode.c.objc; path = MNLexeme.m; sourceTree = "<group>"; };
		7DFBCF891C8AFFB900B04444 /* Constants.h */ = {isa = PBXFileReference; lastKnownFileType = sourcecode.c.h; path = Constants.h; sourceTree = "<group>"; };
		7DFBCF8A1C8AFFD300B04444 /* Constants.m */ = {isa = PBXFileReference; fileEncoding = 4; lastKnownFileType = sourcecode.c.objc; path = Constants.m; sourceTree = "<group>"; };
		7DFBCF8C1C8B1E2400B04444 /* ParserManager.h */ = {isa = PBXFileReference; fileEncoding = 4; lastKnownFileType = sourcecode.c.h; path = ParserManager.h; sourceTree = "<group>"; };
		7DFBCF8D1C8B1E2400B04444 /* ParserManager.m */ = {isa = PBXFileReference; fileEncoding = 4; lastKnownFileType = sourcecode.c.objc; path = ParserManager.m; sourceTree = "<group>"; };
		7DFBCF901C8B536200B04444 /* URLTitlesManager.h */ = {isa = PBXFileReference; fileEncoding = 4; lastKnownFileType = sourcecode.c.h; path = URLTitlesManager.h; sourceTree = "<group>"; };
		7DFBCF911C8B536200B04444 /* URLTitlesManager.m */ = {isa = PBXFileReference; fileEncoding = 4; lastKnownFileType = sourcecode.c.objc; path = URLTitlesManager.m; sourceTree = "<group>"; };
		7DFBCF941C8B824A00B04444 /* MNParserAPI.h */ = {isa = PBXFileReference; fileEncoding = 4; lastKnownFileType = sourcecode.c.h; path = MNParserAPI.h; sourceTree = "<group>"; };
		7DFBCF951C8B824A00B04444 /* MNParserAPI.m */ = {isa = PBXFileReference; fileEncoding = 4; lastKnownFileType = sourcecode.c.objc; path = MNParserAPI.m; sourceTree = "<group>"; };
		7DFDEF341C8DD56700132006 /* iTunesArtwork */ = {isa = PBXFileReference; lastKnownFileType = file; path = iTunesArtwork; sourceTree = "<group>"; };
		7DFDEF351C8DD56700132006 /* iTunesArtwork@2x */ = {isa = PBXFileReference; lastKnownFileType = file; path = "iTunesArtwork@2x"; sourceTree = "<group>"; };
		7DFDEF381C8DD79C00132006 /* launcher.jpg */ = {isa = PBXFileReference; lastKnownFileType = image.jpeg; path = launcher.jpg; sourceTree = "<group>"; };
		7DFDEF3A1C8E098F00132006 /* gradientbackground.jpg */ = {isa = PBXFileReference; lastKnownFileType = image.jpeg; path = gradientbackground.jpg; sourceTree = "<group>"; };
		8E79254B965D30199866F733 /* Pods-ChatLexer.debug.xcconfig */ = {isa = PBXFileReference; includeInIndex = 1; lastKnownFileType = text.xcconfig; name = "Pods-ChatLexer.debug.xcconfig"; path = "Pods/Target Support Files/Pods-ChatLexer/Pods-ChatLexer.debug.xcconfig"; sourceTree = "<group>"; };
		C986418FD86D24CB29EEEF47 /* Pods-ChatLexer.release.xcconfig */ = {isa = PBXFileReference; includeInIndex = 1; lastKnownFileType = text.xcconfig; name = "Pods-ChatLexer.release.xcconfig"; path = "Pods/Target Support Files/Pods-ChatLexer/Pods-ChatLexer.release.xcconfig"; sourceTree = "<group>"; };
/* End PBXFileReference section */

/* Begin PBXFrameworksBuildPhase section */
		7D0B398C1C8A124F002201FE /* Frameworks */ = {
			isa = PBXFrameworksBuildPhase;
			buildActionMask = 2147483647;
			files = (
				A5402FEB9DAEFA0E04A3F2A0 /* libPods-ChatLexer.a in Frameworks */,
			);
			runOnlyForDeploymentPostprocessing = 0;
		};
/* End PBXFrameworksBuildPhase section */

/* Begin PBXGroup section */
		467D0315F900A2D48B252D24 /* Pods */ = {
			isa = PBXGroup;
			children = (
				8E79254B965D30199866F733 /* Pods-ChatLexer.debug.xcconfig */,
				C986418FD86D24CB29EEEF47 /* Pods-ChatLexer.release.xcconfig */,
			);
			name = Pods;
			sourceTree = "<group>";
		};
		64A52E9C5873E4B2BD66A1D8 /* Frameworks */ = {
			isa = PBXGroup;
			children = (
				077D5FF6734E71F36F61A2F6 /* libPods-ChatLexer.a */,
			);
			name = Frameworks;
			sourceTree = "<group>";
		};
		7D0B39861C8A124F002201FE = {
			isa = PBXGroup;
			children = (
				7D0B39911C8A124F002201FE /* ChatLexer */,
				7D0B39901C8A124F002201FE /* Products */,
				467D0315F900A2D48B252D24 /* Pods */,
				64A52E9C5873E4B2BD66A1D8 /* Frameworks */,
			);
			sourceTree = "<group>";
		};
		7D0B39901C8A124F002201FE /* Products */ = {
			isa = PBXGroup;
			children = (
				7D0B398F1C8A124F002201FE /* ChatLexer.app */,
			);
			name = Products;
			sourceTree = "<group>";
		};
		7D0B39911C8A124F002201FE /* ChatLexer */ = {
			isa = PBXGroup;
			children = (
				7DFBCF931C8B820400B04444 /* FacadeAPI */,
				7DFBCF8F1C8B533A00B04444 /* URLTitles */,
				7D0B39A91C8A183C002201FE /* Lexer */,
				7D0B39951C8A124F002201FE /* AppDelegate.h */,
				7D0B39961C8A124F002201FE /* AppDelegate.m */,
				7D0B39981C8A124F002201FE /* ViewController.h */,
				7D0B39991C8A124F002201FE /* ViewController.m */,
				7D0B399B1C8A124F002201FE /* Main.storyboard */,
				7D0B399E1C8A124F002201FE /* Assets.xcassets */,
				7D0B39A01C8A124F002201FE /* LaunchScreen.storyboard */,
				7D0B39A31C8A124F002201FE /* Info.plist */,
				7DFDEF341C8DD56700132006 /* iTunesArtwork */,
				7DFDEF351C8DD56700132006 /* iTunesArtwork@2x */,
				7DFDEF381C8DD79C00132006 /* launcher.jpg */,
				7DFDEF3A1C8E098F00132006 /* gradientbackground.jpg */,
				7D0B39921C8A124F002201FE /* Supporting Files */,
			);
			path = ChatLexer;
			sourceTree = "<group>";
		};
		7D0B39921C8A124F002201FE /* Supporting Files */ = {
			isa = PBXGroup;
			children = (
				7D0B39931C8A124F002201FE /* main.m */,
			);
			name = "Supporting Files";
			sourceTree = "<group>";
		};
		7D0B39A91C8A183C002201FE /* Lexer */ = {
			isa = PBXGroup;
			children = (
				7D0B39AA1C8A18DD002201FE /* MNParser.h */,
				7D0B39AB1C8A18DD002201FE /* MNParser.m */,
				7DFBCF861C8AFE5E00B04444 /* MNLexeme.h */,
				7DFBCF871C8AFE5E00B04444 /* MNLexeme.m */,
				7DFBCF891C8AFFB900B04444 /* Constants.h */,
				7DFBCF8A1C8AFFD300B04444 /* Constants.m */,
				7DFBCF8C1C8B1E2400B04444 /* ParserManager.h */,
				7DFBCF8D1C8B1E2400B04444 /* ParserManager.m */,
			);
			path = Lexer;
			sourceTree = "<group>";
		};
		7DFBCF8F1C8B533A00B04444 /* URLTitles */ = {
			isa = PBXGroup;
			children = (
				7DFBCF901C8B536200B04444 /* URLTitlesManager.h */,
				7DFBCF911C8B536200B04444 /* URLTitlesManager.m */,
			);
			path = URLTitles;
			sourceTree = "<group>";
		};
		7DFBCF931C8B820400B04444 /* FacadeAPI */ = {
			isa = PBXGroup;
			children = (
				7DFBCF941C8B824A00B04444 /* MNParserAPI.h */,
				7DFBCF951C8B824A00B04444 /* MNParserAPI.m */,
			);
			path = FacadeAPI;
			sourceTree = "<group>";
		};
/* End PBXGroup section */

/* Begin PBXNativeTarget section */
		7D0B398E1C8A124F002201FE /* ChatLexer */ = {
			isa = PBXNativeTarget;
			buildConfigurationList = 7D0B39A61C8A124F002201FE /* Build configuration list for PBXNativeTarget "ChatLexer" */;
			buildPhases = (
				FFB9CC290ED3BF40DD58508D /* Check Pods Manifest.lock */,
				7D0B398B1C8A124F002201FE /* Sources */,
				7D0B398C1C8A124F002201FE /* Frameworks */,
				7D0B398D1C8A124F002201FE /* Resources */,
				D79FB9734A39FA5EB5535D8D /* Embed Pods Frameworks */,
				7E396BD8070D6502C3B98B6E /* Copy Pods Resources */,
			);
			buildRules = (
			);
			dependencies = (
			);
			name = ChatLexer;
			productName = ChatLexer;
			productReference = 7D0B398F1C8A124F002201FE /* ChatLexer.app */;
			productType = "com.apple.product-type.application";
		};
/* End PBXNativeTarget section */

/* Begin PBXProject section */
		7D0B39871C8A124F002201FE /* Project object */ = {
			isa = PBXProject;
			attributes = {
				LastUpgradeCheck = 0720;
				ORGANIZATIONNAME = "Nabeel Arif";
				TargetAttributes = {
					7D0B398E1C8A124F002201FE = {
						CreatedOnToolsVersion = 7.2;
					};
				};
			};
			buildConfigurationList = 7D0B398A1C8A124F002201FE /* Build configuration list for PBXProject "ChatLexer" */;
			compatibilityVersion = "Xcode 3.2";
			developmentRegion = English;
			hasScannedForEncodings = 0;
			knownRegions = (
				en,
				Base,
			);
			mainGroup = 7D0B39861C8A124F002201FE;
			productRefGroup = 7D0B39901C8A124F002201FE /* Products */;
			projectDirPath = "";
			projectRoot = "";
			targets = (
				7D0B398E1C8A124F002201FE /* ChatLexer */,
			);
		};
/* End PBXProject section */

/* Begin PBXResourcesBuildPhase section */
		7D0B398D1C8A124F002201FE /* Resources */ = {
			isa = PBXResourcesBuildPhase;
			buildActionMask = 2147483647;
			files = (
				7D0B39A21C8A124F002201FE /* LaunchScreen.storyboard in Resources */,
				7DFDEF3B1C8E098F00132006 /* gradientbackground.jpg in Resources */,
				7DFDEF371C8DD56700132006 /* iTunesArtwork@2x in Resources */,
				7D0B399F1C8A124F002201FE /* Assets.xcassets in Resources */,
				7DFDEF361C8DD56700132006 /* iTunesArtwork in Resources */,
				7D0B399D1C8A124F002201FE /* Main.storyboard in Resources */,
				7DFDEF391C8DD79C00132006 /* launcher.jpg in Resources */,
			);
			runOnlyForDeploymentPostprocessing = 0;
		};
/* End PBXResourcesBuildPhase section */

/* Begin PBXShellScriptBuildPhase section */
		7E396BD8070D6502C3B98B6E /* Copy Pods Resources */ = {
			isa = PBXShellScriptBuildPhase;
			buildActionMask = 2147483647;
			files = (
			);
			inputPaths = (
			);
			name = "Copy Pods Resources";
			outputPaths = (
			);
			runOnlyForDeploymentPostprocessing = 0;
			shellPath = /bin/sh;
			shellScript = "\"${SRCROOT}/Pods/Target Support Files/Pods-ChatLexer/Pods-ChatLexer-resources.sh\"\n";
			showEnvVarsInLog = 0;
		};
		D79FB9734A39FA5EB5535D8D /* Embed Pods Frameworks */ = {
			isa = PBXShellScriptBuildPhase;
			buildActionMask = 2147483647;
			files = (
			);
			inputPaths = (
			);
			name = "Embed Pods Frameworks";
			outputPaths = (
			);
			runOnlyForDeploymentPostprocessing = 0;
			shellPath = /bin/sh;
			shellScript = "\"${SRCROOT}/Pods/Target Support Files/Pods-ChatLexer/Pods-ChatLexer-frameworks.sh\"\n";
			showEnvVarsInLog = 0;
		};
		FFB9CC290ED3BF40DD58508D /* Check Pods Manifest.lock */ = {
			isa = PBXShellScriptBuildPhase;
			buildActionMask = 2147483647;
			files = (
			);
			inputPaths = (
			);
			name = "Check Pods Manifest.lock";
			outputPaths = (
			);
			runOnlyForDeploymentPostprocessing = 0;
			shellPath = /bin/sh;
			shellScript = "diff \"${PODS_ROOT}/../Podfile.lock\" \"${PODS_ROOT}/Manifest.lock\" > /dev/null\nif [[ $? != 0 ]] ; then\n    cat << EOM\nerror: The sandbox is not in sync with the Podfile.lock. Run 'pod install' or update your CocoaPods installation.\nEOM\n    exit 1\nfi\n";
			showEnvVarsInLog = 0;
		};
/* End PBXShellScriptBuildPhase section */

/* Begin PBXSourcesBuildPhase section */
		7D0B398B1C8A124F002201FE /* Sources */ = {
			isa = PBXSourcesBuildPhase;
			buildActionMask = 2147483647;
			files = (
				7DFBCF921C8B536200B04444 /* URLTitlesManager.m in Sources */,
				7DFBCF961C8B824A00B04444 /* MNParserAPI.m in Sources */,
				7D0B399A1C8A124F002201FE /* ViewController.m in Sources */,
				7D0B39971C8A124F002201FE /* AppDelegate.m in Sources */,
				7DFBCF881C8AFE5E00B04444 /* MNLexeme.m in Sources */,
				7D0B39AC1C8A18DD002201FE /* MNParser.m in Sources */,
				7D0B39941C8A124F002201FE /* main.m in Sources */,
				7DFBCF8E1C8B1E2400B04444 /* ParserManager.m in Sources */,
				7DFBCF8B1C8AFFD300B04444 /* Constants.m in Sources */,
			);
			runOnlyForDeploymentPostprocessing = 0;
		};
/* End PBXSourcesBuildPhase section */

/* Begin PBXVariantGroup section */
		7D0B399B1C8A124F002201FE /* Main.storyboard */ = {
			isa = PBXVariantGroup;
			children = (
				7D0B399C1C8A124F002201FE /* Base */,
			);
			name = Main.storyboard;
			sourceTree = "<group>";
		};
		7D0B39A01C8A124F002201FE /* LaunchScreen.storyboard */ = {
			isa = PBXVariantGroup;
			children = (
				7D0B39A11C8A124F002201FE /* Base */,
			);
			name = LaunchScreen.storyboard;
			sourceTree = "<group>";
		};
/* End PBXVariantGroup section */

/* Begin XCBuildConfiguration section */
		7D0B39A41C8A124F002201FE /* Debug */ = {
			isa = XCBuildConfiguration;
			buildSettings = {
				ALWAYS_SEARCH_USER_PATHS = NO;
				CLANG_CXX_LANGUAGE_STANDARD = "gnu++0x";
				CLANG_CXX_LIBRARY = "libc++";
				CLANG_ENABLE_MODULES = YES;
				CLANG_ENABLE_OBJC_ARC = YES;
				CLANG_WARN_BOOL_CONVERSION = YES;
				CLANG_WARN_CONSTANT_CONVERSION = YES;
				CLANG_WARN_DIRECT_OBJC_ISA_USAGE = YES_ERROR;
				CLANG_WARN_EMPTY_BODY = YES;
				CLANG_WARN_ENUM_CONVERSION = YES;
				CLANG_WARN_INT_CONVERSION = YES;
				CLANG_WARN_OBJC_ROOT_CLASS = YES_ERROR;
				CLANG_WARN_UNREACHABLE_CODE = YES;
				CLANG_WARN__DUPLICATE_METHOD_MATCH = YES;
				"CODE_SIGN_IDENTITY[sdk=iphoneos*]" = "iPhone Developer";
				COPY_PHASE_STRIP = NO;
				DEBUG_INFORMATION_FORMAT = dwarf;
				ENABLE_STRICT_OBJC_MSGSEND = YES;
				ENABLE_TESTABILITY = YES;
				GCC_C_LANGUAGE_STANDARD = gnu99;
				GCC_DYNAMIC_NO_PIC = NO;
				GCC_NO_COMMON_BLOCKS = YES;
				GCC_OPTIMIZATION_LEVEL = 0;
				GCC_PREPROCESSOR_DEFINITIONS = (
					"DEBUG=1",
					"$(inherited)",
				);
				GCC_WARN_64_TO_32_BIT_CONVERSION = YES;
				GCC_WARN_ABOUT_RETURN_TYPE = YES_ERROR;
				GCC_WARN_UNDECLARED_SELECTOR = YES;
				GCC_WARN_UNINITIALIZED_AUTOS = YES_AGGRESSIVE;
				GCC_WARN_UNUSED_FUNCTION = YES;
				GCC_WARN_UNUSED_VARIABLE = YES;
				IPHONEOS_DEPLOYMENT_TARGET = 9.2;
				MTL_ENABLE_DEBUG_INFO = YES;
				ONLY_ACTIVE_ARCH = YES;
				SDKROOT = iphoneos;
			};
			name = Debug;
		};
		7D0B39A51C8A124F002201FE /* Release */ = {
			isa = XCBuildConfiguration;
			buildSettings = {
				ALWAYS_SEARCH_USER_PATHS = NO;
				CLANG_CXX_LANGUAGE_STANDARD = "gnu++0x";
				CLANG_CXX_LIBRARY = "libc++";
				CLANG_ENABLE_MODULES = YES;
				CLANG_ENABLE_OBJC_ARC = YES;
				CLANG_WARN_BOOL_CONVERSION = YES;
				CLANG_WARN_CONSTANT_CONVERSION = YES;
				CLANG_WARN_DIRECT_OBJC_ISA_USAGE = YES_ERROR;
				CLANG_WARN_EMPTY_BODY = YES;
				CLANG_WARN_ENUM_CONVERSION = YES;
				CLANG_WARN_INT_CONVERSION = YES;
				CLANG_WARN_OBJC_ROOT_CLASS = YES_ERROR;
				CLANG_WARN_UNREACHABLE_CODE = YES;
				CLANG_WARN__DUPLICATE_METHOD_MATCH = YES;
				"CODE_SIGN_IDENTITY[sdk=iphoneos*]" = "iPhone Developer";
				COPY_PHASE_STRIP = NO;
				DEBUG_INFORMATION_FORMAT = "dwarf-with-dsym";
				ENABLE_NS_ASSERTIONS = NO;
				ENABLE_STRICT_OBJC_MSGSEND = YES;
				GCC_C_LANGUAGE_STANDARD = gnu99;
				GCC_NO_COMMON_BLOCKS = YES;
				GCC_WARN_64_TO_32_BIT_CONVERSION = YES;
				GCC_WARN_ABOUT_RETURN_TYPE = YES_ERROR;
				GCC_WARN_UNDECLARED_SELECTOR = YES;
				GCC_WARN_UNINITIALIZED_AUTOS = YES_AGGRESSIVE;
				GCC_WARN_UNUSED_FUNCTION = YES;
				GCC_WARN_UNUSED_VARIABLE = YES;
				IPHONEOS_DEPLOYMENT_TARGET = 9.2;
				MTL_ENABLE_DEBUG_INFO = NO;
				SDKROOT = iphoneos;
				VALIDATE_PRODUCT = YES;
			};
			name = Release;
		};
		7D0B39A71C8A124F002201FE /* Debug */ = {
			isa = XCBuildConfiguration;
			baseConfigurationReference = 8E79254B965D30199866F733 /* Pods-ChatLexer.debug.xcconfig */;
			buildSettings = {
				ASSETCATALOG_COMPILER_APPICON_NAME = AppIcon;
				INFOPLIST_FILE = ChatLexer/Info.plist;
				IPHONEOS_DEPLOYMENT_TARGET = 8.0;
				LD_RUNPATH_SEARCH_PATHS = "$(inherited) @executable_path/Frameworks";
				PRODUCT_BUNDLE_IDENTIFIER = com.nabeelarif.ChatLexer;
				PRODUCT_NAME = "$(TARGET_NAME)";
			};
			name = Debug;
		};
		7D0B39A81C8A124F002201FE /* Release */ = {
			isa = XCBuildConfiguration;
			baseConfigurationReference = C986418FD86D24CB29EEEF47 /* Pods-ChatLexer.release.xcconfig */;
			buildSettings = {
				ASSETCATALOG_COMPILER_APPICON_NAME = AppIcon;
				INFOPLIST_FILE = ChatLexer/Info.plist;
				IPHONEOS_DEPLOYMENT_TARGET = 8.0;
				LD_RUNPATH_SEARCH_PATHS = "$(inherited) @executable_path/Frameworks";
				PRODUCT_BUNDLE_IDENTIFIER = com.nabeelarif.ChatLexer;
				PRODUCT_NAME = "$(TARGET_NAME)";
			};
			name = Release;
		};
/* End XCBuildConfiguration section */

/* Begin XCConfigurationList section */
		7D0B398A1C8A124F002201FE /* Build configuration list for PBXProject "ChatLexer" */ = {
			isa = XCConfigurationList;
			buildConfigurations = (
				7D0B39A41C8A124F002201FE /* Debug */,
				7D0B39A51C8A124F002201FE /* Release */,
			);
			defaultConfigurationIsVisible = 0;
			defaultConfigurationName = Release;
		};
		7D0B39A61C8A124F002201FE /* Build configuration list for PBXNativeTarget "ChatLexer" */ = {
			isa = XCConfigurationList;
			buildConfigurations = (
				7D0B39A71C8A124F002201FE /* Debug */,
				7D0B39A81C8A124F002201FE /* Release */,
			);
			defaultConfigurationIsVisible = 0;
			defaultConfigurationName = Release;
		};
/* End XCConfigurationList section */
	};
	rootObject = 7D0B39871C8A124F002201FE /* Project object */;
}
